
Microsoft Visual Studio Solution File, Format Version 12.00
# Visual Studio Version 16
VisualStudioVersion = 16.0.31424.327
MinimumVisualStudioVersion = 10.0.40219.1
Project("{FAE04EC0-301F-11D3-BF4B-00C04F79EFBC}") = "WebApplication1", "WebApplication1\WebApplication1.csproj", "{C0D35C1E-C186-46E6-B237-208916655E04}"
EndProject
Global
	GlobalSection(SolutionConfigurationPlatforms) = preSolution
		Debug|Any CPU = Debug|Any CPU
		Release|Any CPU = Release|Any CPU
	EndGlobalSection
	GlobalSection(ProjectConfigurationPlatforms) = postSolution
		{C0D35C1E-C186-46E6-B237-208916655E04}.Debug|Any CPU.ActiveCfg = Debug|Any CPU
		{C0D35C1E-C186-46E6-B237-208916655E04}.Debug|Any CPU.Build.0 = Debug|Any CPU
		{C0D35C1E-C186-46E6-B237-208916655E04}.Release|Any CPU.ActiveCfg = Release|Any CPU
		{C0D35C1E-C186-46E6-B237-208916655E04}.Release|Any CPU.Build.0 = Release|Any CPU
	EndGlobalSection
	GlobalSection(SolutionProperties) = preSolution
		HideSolutionNode = FALSE
	EndGlobalSection
	GlobalSection(ExtensibilityGlobals) = postSolution
		SolutionGuid = {23CCFDE9-458F-42F1-A799-1D5279B5F412}
	EndGlobalSection
EndGlobal
